// !$*UTF8*$!
{
	archiveVersion = 1;
	classes = {
	};
	objectVersion = 50;
	objects = {

/* Begin PBXBuildFile section */
		84354BEC210EC2E600B0D644 /* All.json in Resources */ = {isa = PBXBuildFile; fileRef = 84354BEB210EC2E600B0D644 /* All.json */; };
		848DB05D210A487C00D10A53 /* AppDelegate.swift in Sources */ = {isa = PBXBuildFile; fileRef = 848DB05C210A487C00D10A53 /* AppDelegate.swift */; };
		848DB05F210A487C00D10A53 /* ViewController.swift in Sources */ = {isa = PBXBuildFile; fileRef = 848DB05E210A487C00D10A53 /* ViewController.swift */; };
		848DB062210A487C00D10A53 /* Main.storyboard in Resources */ = {isa = PBXBuildFile; fileRef = 848DB060210A487C00D10A53 /* Main.storyboard */; };
		848DB064210A487D00D10A53 /* Assets.xcassets in Resources */ = {isa = PBXBuildFile; fileRef = 848DB063210A487D00D10A53 /* Assets.xcassets */; };
		848DB067210A487D00D10A53 /* LaunchScreen.storyboard in Resources */ = {isa = PBXBuildFile; fileRef = 848DB065210A487D00D10A53 /* LaunchScreen.storyboard */; };
		848DB072210A487D00D10A53 /* UnitTests.swift in Sources */ = {isa = PBXBuildFile; fileRef = 848DB071210A487D00D10A53 /* UnitTests.swift */; };
		848DB08C210A495D00D10A53 /* Secret.swift in Sources */ = {isa = PBXBuildFile; fileRef = 848DB08B210A495D00D10A53 /* Secret.swift */; };
		848DB090210A4BFE00D10A53 /* Secret.swift.example in Resources */ = {isa = PBXBuildFile; fileRef = 848DB08F210A4BFD00D10A53 /* Secret.swift.example */; };
		848DB097210A57D600D10A53 /* Road.swift in Sources */ = {isa = PBXBuildFile; fileRef = 848DB096210A57D600D10A53 /* Road.swift */; };
		848DB09A210A5BAB00D10A53 /* Success.json in Resources */ = {isa = PBXBuildFile; fileRef = 848DB099210A5BAB00D10A53 /* Success.json */; };
		848DB09C210A6D3B00D10A53 /* Failure.json in Resources */ = {isa = PBXBuildFile; fileRef = 848DB09B210A6D3B00D10A53 /* Failure.json */; };
		84B7ACE0210C462600B954B0 /* Success.json in Resources */ = {isa = PBXBuildFile; fileRef = 848DB099210A5BAB00D10A53 /* Success.json */; };
		84B7ACE1210C462900B954B0 /* Failure.json in Resources */ = {isa = PBXBuildFile; fileRef = 848DB09B210A6D3B00D10A53 /* Failure.json */; };
		84BD79F9210AF2DE00BC8D1E /* UITests.swift in Sources */ = {isa = PBXBuildFile; fileRef = 848DB07C210A487D00D10A53 /* UITests.swift */; };
		84BD79FB210B7A1600BC8D1E /* APIClient.swift in Sources */ = {isa = PBXBuildFile; fileRef = 84BD79FA210B7A1600BC8D1E /* APIClient.swift */; };
		84E09008210BBD1700544699 /* UIColor.swift in Sources */ = {isa = PBXBuildFile; fileRef = 84E09007210BBD1700544699 /* UIColor.swift */; };
/* End PBXBuildFile section */

/* Begin PBXContainerItemProxy section */
		848DB06E210A487D00D10A53 /* PBXContainerItemProxy */ = {
			isa = PBXContainerItemProxy;
			containerPortal = 848DB051210A487C00D10A53 /* Project object */;
			proxyType = 1;
			remoteGlobalIDString = 848DB058210A487C00D10A53;
			remoteInfo = "tfl-app";
		};
		84BD79F4210AF2CF00BC8D1E /* PBXContainerItemProxy */ = {
			isa = PBXContainerItemProxy;
			containerPortal = 848DB051210A487C00D10A53 /* Project object */;
			proxyType = 1;
			remoteGlobalIDString = 848DB058210A487C00D10A53;
			remoteInfo = "tfl-app";
		};
/* End PBXContainerItemProxy section */

/* Begin PBXFileReference section */
		84354BEB210EC2E600B0D644 /* All.json */ = {isa = PBXFileReference; fileEncoding = 4; lastKnownFileType = text.json; path = All.json; sourceTree = "<group>"; };
		848DB059210A487C00D10A53 /* tfl-app.app */ = {isa = PBXFileReference; explicitFileType = wrapper.application; includeInIndex = 0; path = "tfl-app.app"; sourceTree = BUILT_PRODUCTS_DIR; };
		848DB05C210A487C00D10A53 /* AppDelegate.swift */ = {isa = PBXFileReference; lastKnownFileType = sourcecode.swift; path = AppDelegate.swift; sourceTree = "<group>"; };
		848DB05E210A487C00D10A53 /* ViewController.swift */ = {isa = PBXFileReference; lastKnownFileType = sourcecode.swift; path = ViewController.swift; sourceTree = "<group>"; };
		848DB061210A487C00D10A53 /* Base */ = {isa = PBXFileReference; lastKnownFileType = file.storyboard; name = Base; path = Base.lproj/Main.storyboard; sourceTree = "<group>"; };
		848DB063210A487D00D10A53 /* Assets.xcassets */ = {isa = PBXFileReference; lastKnownFileType = folder.assetcatalog; path = Assets.xcassets; sourceTree = "<group>"; };
		848DB066210A487D00D10A53 /* Base */ = {isa = PBXFileReference; lastKnownFileType = file.storyboard; name = Base; path = Base.lproj/LaunchScreen.storyboard; sourceTree = "<group>"; };
		848DB068210A487D00D10A53 /* Info.plist */ = {isa = PBXFileReference; lastKnownFileType = text.plist.xml; path = Info.plist; sourceTree = "<group>"; };
		848DB06D210A487D00D10A53 /* tfl-appTests.xctest */ = {isa = PBXFileReference; explicitFileType = wrapper.cfbundle; includeInIndex = 0; path = "tfl-appTests.xctest"; sourceTree = BUILT_PRODUCTS_DIR; };
		848DB071210A487D00D10A53 /* UnitTests.swift */ = {isa = PBXFileReference; lastKnownFileType = sourcecode.swift; path = UnitTests.swift; sourceTree = "<group>"; };
		848DB073210A487D00D10A53 /* Info.plist */ = {isa = PBXFileReference; lastKnownFileType = text.plist.xml; path = Info.plist; sourceTree = "<group>"; };
		848DB07C210A487D00D10A53 /* UITests.swift */ = {isa = PBXFileReference; lastKnownFileType = sourcecode.swift; path = UITests.swift; sourceTree = "<group>"; };
		848DB08B210A495D00D10A53 /* Secret.swift */ = {isa = PBXFileReference; lastKnownFileType = sourcecode.swift; path = Secret.swift; sourceTree = "<group>"; };
		848DB08F210A4BFD00D10A53 /* Secret.swift.example */ = {isa = PBXFileReference; fileEncoding = 4; lastKnownFileType = text; path = Secret.swift.example; sourceTree = "<group>"; };
		848DB091210A4F2600D10A53 /* README.md */ = {isa = PBXFileReference; fileEncoding = 4; lastKnownFileType = net.daringfireball.markdown; path = README.md; sourceTree = "<group>"; };
		848DB096210A57D600D10A53 /* Road.swift */ = {isa = PBXFileReference; lastKnownFileType = sourcecode.swift; path = Road.swift; sourceTree = "<group>"; };
		848DB099210A5BAB00D10A53 /* Success.json */ = {isa = PBXFileReference; lastKnownFileType = text.json; path = Success.json; sourceTree = "<group>"; };
		848DB09B210A6D3B00D10A53 /* Failure.json */ = {isa = PBXFileReference; lastKnownFileType = text.json; path = Failure.json; sourceTree = "<group>"; };
		84BD79EF210AF2CF00BC8D1E /* tfl-appUITests.xctest */ = {isa = PBXFileReference; explicitFileType = wrapper.cfbundle; includeInIndex = 0; path = "tfl-appUITests.xctest"; sourceTree = BUILT_PRODUCTS_DIR; };
		84BD79F3210AF2CF00BC8D1E /* Info.plist */ = {isa = PBXFileReference; lastKnownFileType = text.plist.xml; path = Info.plist; sourceTree = "<group>"; };
		84BD79FA210B7A1600BC8D1E /* APIClient.swift */ = {isa = PBXFileReference; fileEncoding = 4; lastKnownFileType = sourcecode.swift; path = APIClient.swift; sourceTree = "<group>"; };
		84E09007210BBD1700544699 /* UIColor.swift */ = {isa = PBXFileReference; lastKnownFileType = sourcecode.swift; path = UIColor.swift; sourceTree = "<group>"; };
/* End PBXFileReference section */

/* Begin PBXFrameworksBuildPhase section */
		848DB056210A487C00D10A53 /* Frameworks */ = {
			isa = PBXFrameworksBuildPhase;
			buildActionMask = 2147483647;
			files = (
			);
			runOnlyForDeploymentPostprocessing = 0;
		};
		848DB06A210A487D00D10A53 /* Frameworks */ = {
			isa = PBXFrameworksBuildPhase;
			buildActionMask = 2147483647;
			files = (
			);
			runOnlyForDeploymentPostprocessing = 0;
		};
		84BD79EC210AF2CF00BC8D1E /* Frameworks */ = {
			isa = PBXFrameworksBuildPhase;
			buildActionMask = 2147483647;
			files = (
			);
			runOnlyForDeploymentPostprocessing = 0;
		};
/* End PBXFrameworksBuildPhase section */

/* Begin PBXGroup section */
		848DB050210A487C00D10A53 = {
			isa = PBXGroup;
			children = (
				848DB091210A4F2600D10A53 /* README.md */,
				848DB08B210A495D00D10A53 /* Secret.swift */,
				848DB08F210A4BFD00D10A53 /* Secret.swift.example */,
				848DB05B210A487C00D10A53 /* tfl-app */,
				848DB070210A487D00D10A53 /* tfl-appTests */,
				84BD79F0210AF2CF00BC8D1E /* tfl-appUITests */,
				848DB05A210A487C00D10A53 /* Products */,
			);
			sourceTree = "<group>";
		};
		848DB05A210A487C00D10A53 /* Products */ = {
			isa = PBXGroup;
			children = (
				848DB059210A487C00D10A53 /* tfl-app.app */,
				848DB06D210A487D00D10A53 /* tfl-appTests.xctest */,
				84BD79EF210AF2CF00BC8D1E /* tfl-appUITests.xctest */,
			);
			name = Products;
			sourceTree = "<group>";
		};
		848DB05B210A487C00D10A53 /* tfl-app */ = {
			isa = PBXGroup;
			children = (
				848DB08A210A492300D10A53 /* Supporting Files */,
				84BD79FA210B7A1600BC8D1E /* APIClient.swift */,
				848DB096210A57D600D10A53 /* Road.swift */,
				848DB05E210A487C00D10A53 /* ViewController.swift */,
				848DB060210A487C00D10A53 /* Main.storyboard */,
			);
			path = "tfl-app";
			sourceTree = "<group>";
		};
		848DB070210A487D00D10A53 /* tfl-appTests */ = {
			isa = PBXGroup;
			children = (
				848DB071210A487D00D10A53 /* UnitTests.swift */,
				848DB073210A487D00D10A53 /* Info.plist */,
			);
			path = "tfl-appTests";
			sourceTree = "<group>";
		};
		848DB08A210A492300D10A53 /* Supporting Files */ = {
			isa = PBXGroup;
			children = (
				848DB068210A487D00D10A53 /* Info.plist */,
				848DB05C210A487C00D10A53 /* AppDelegate.swift */,
				848DB065210A487D00D10A53 /* LaunchScreen.storyboard */,
				848DB063210A487D00D10A53 /* Assets.xcassets */,
				84E09007210BBD1700544699 /* UIColor.swift */,
				848DB098210A5B7B00D10A53 /* Seed Data */,
			);
			path = "Supporting Files";
			sourceTree = "<group>";
		};
		848DB098210A5B7B00D10A53 /* Seed Data */ = {
			isa = PBXGroup;
			children = (
				848DB099210A5BAB00D10A53 /* Success.json */,
				848DB09B210A6D3B00D10A53 /* Failure.json */,
				84354BEB210EC2E600B0D644 /* All.json */,
			);
			path = "Seed Data";
			sourceTree = "<group>";
		};
		84BD79F0210AF2CF00BC8D1E /* tfl-appUITests */ = {
			isa = PBXGroup;
			children = (
				848DB07C210A487D00D10A53 /* UITests.swift */,
				84BD79F3210AF2CF00BC8D1E /* Info.plist */,
			);
			path = "tfl-appUITests";
			sourceTree = "<group>";
		};
/* End PBXGroup section */

/* Begin PBXNativeTarget section */
		848DB058210A487C00D10A53 /* tfl-app */ = {
			isa = PBXNativeTarget;
			buildConfigurationList = 848DB081210A487D00D10A53 /* Build configuration list for PBXNativeTarget "tfl-app" */;
			buildPhases = (
				848DB055210A487C00D10A53 /* Sources */,
				848DB056210A487C00D10A53 /* Frameworks */,
				848DB057210A487C00D10A53 /* Resources */,
			);
			buildRules = (
			);
			dependencies = (
			);
			name = "tfl-app";
			productName = "tfl-app";
			productReference = 848DB059210A487C00D10A53 /* tfl-app.app */;
			productType = "com.apple.product-type.application";
		};
		848DB06C210A487D00D10A53 /* tfl-appTests */ = {
			isa = PBXNativeTarget;
			buildConfigurationList = 848DB084210A487D00D10A53 /* Build configuration list for PBXNativeTarget "tfl-appTests" */;
			buildPhases = (
				848DB069210A487D00D10A53 /* Sources */,
				848DB06A210A487D00D10A53 /* Frameworks */,
				848DB06B210A487D00D10A53 /* Resources */,
			);
			buildRules = (
			);
			dependencies = (
				848DB06F210A487D00D10A53 /* PBXTargetDependency */,
			);
			name = "tfl-appTests";
			productName = "tfl-appTests";
			productReference = 848DB06D210A487D00D10A53 /* tfl-appTests.xctest */;
			productType = "com.apple.product-type.bundle.unit-test";
		};
		84BD79EE210AF2CF00BC8D1E /* tfl-appUITests */ = {
			isa = PBXNativeTarget;
			buildConfigurationList = 84BD79F6210AF2CF00BC8D1E /* Build configuration list for PBXNativeTarget "tfl-appUITests" */;
			buildPhases = (
				84BD79EB210AF2CF00BC8D1E /* Sources */,
				84BD79EC210AF2CF00BC8D1E /* Frameworks */,
				84BD79ED210AF2CF00BC8D1E /* Resources */,
			);
			buildRules = (
			);
			dependencies = (
				84BD79F5210AF2CF00BC8D1E /* PBXTargetDependency */,
			);
			name = "tfl-appUITests";
			productName = "tfl-appUITests";
			productReference = 84BD79EF210AF2CF00BC8D1E /* tfl-appUITests.xctest */;
			productType = "com.apple.product-type.bundle.ui-testing";
		};
/* End PBXNativeTarget section */

/* Begin PBXProject section */
		848DB051210A487C00D10A53 /* Project object */ = {
			isa = PBXProject;
			attributes = {
				LastSwiftUpdateCheck = 0940;
				LastUpgradeCheck = 0940;
				ORGANIZATIONNAME = "Julian Jans";
				TargetAttributes = {
					848DB058210A487C00D10A53 = {
						CreatedOnToolsVersion = 9.4.1;
					};
					848DB06C210A487D00D10A53 = {
						CreatedOnToolsVersion = 9.4.1;
						TestTargetID = 848DB058210A487C00D10A53;
					};
					84BD79EE210AF2CF00BC8D1E = {
						CreatedOnToolsVersion = 9.4.1;
						TestTargetID = 848DB058210A487C00D10A53;
					};
				};
			};
			buildConfigurationList = 848DB054210A487C00D10A53 /* Build configuration list for PBXProject "tfl-app" */;
			compatibilityVersion = "Xcode 9.3";
			developmentRegion = en;
			hasScannedForEncodings = 0;
			knownRegions = (
				en,
				Base,
			);
			mainGroup = 848DB050210A487C00D10A53;
			productRefGroup = 848DB05A210A487C00D10A53 /* Products */;
			projectDirPath = "";
			projectRoot = "";
			targets = (
				848DB058210A487C00D10A53 /* tfl-app */,
				848DB06C210A487D00D10A53 /* tfl-appTests */,
				84BD79EE210AF2CF00BC8D1E /* tfl-appUITests */,
			);
		};
/* End PBXProject section */

/* Begin PBXResourcesBuildPhase section */
		848DB057210A487C00D10A53 /* Resources */ = {
			isa = PBXResourcesBuildPhase;
			buildActionMask = 2147483647;
			files = (
				848DB067210A487D00D10A53 /* LaunchScreen.storyboard in Resources */,
				84354BEC210EC2E600B0D644 /* All.json in Resources */,
				84B7ACE0210C462600B954B0 /* Success.json in Resources */,
				848DB064210A487D00D10A53 /* Assets.xcassets in Resources */,
				84B7ACE1210C462900B954B0 /* Failure.json in Resources */,
				848DB062210A487C00D10A53 /* Main.storyboard in Resources */,
				848DB090210A4BFE00D10A53 /* Secret.swift.example in Resources */,
			);
			runOnlyForDeploymentPostprocessing = 0;
		};
		848DB06B210A487D00D10A53 /* Resources */ = {
			isa = PBXResourcesBuildPhase;
			buildActionMask = 2147483647;
			files = (
				848DB09C210A6D3B00D10A53 /* Failure.json in Resources */,
				848DB09A210A5BAB00D10A53 /* Success.json in Resources */,
			);
			runOnlyForDeploymentPostprocessing = 0;
		};
		84BD79ED210AF2CF00BC8D1E /* Resources */ = {
			isa = PBXResourcesBuildPhase;
			buildActionMask = 2147483647;
			files = (
			);
			runOnlyForDeploymentPostprocessing = 0;
		};
/* End PBXResourcesBuildPhase section */

/* Begin PBXSourcesBuildPhase section */
		848DB055210A487C00D10A53 /* Sources */ = {
			isa = PBXSourcesBuildPhase;
			buildActionMask = 2147483647;
			files = (
				848DB05F210A487C00D10A53 /* ViewController.swift in Sources */,
				84E09008210BBD1700544699 /* UIColor.swift in Sources */,
				848DB08C210A495D00D10A53 /* Secret.swift in Sources */,
				848DB05D210A487C00D10A53 /* AppDelegate.swift in Sources */,
				84BD79FB210B7A1600BC8D1E /* APIClient.swift in Sources */,
				848DB097210A57D600D10A53 /* Road.swift in Sources */,
			);
			runOnlyForDeploymentPostprocessing = 0;
		};
		848DB069210A487D00D10A53 /* Sources */ = {
			isa = PBXSourcesBuildPhase;
			buildActionMask = 2147483647;
			files = (
				848DB072210A487D00D10A53 /* UnitTests.swift in Sources */,
			);
			runOnlyForDeploymentPostprocessing = 0;
		};
		84BD79EB210AF2CF00BC8D1E /* Sources */ = {
			isa = PBXSourcesBuildPhase;
			buildActionMask = 2147483647;
			files = (
				84BD79F9210AF2DE00BC8D1E /* UITests.swift in Sources */,
			);
			runOnlyForDeploymentPostprocessing = 0;
		};
/* End PBXSourcesBuildPhase section */

/* Begin PBXTargetDependency section */
		848DB06F210A487D00D10A53 /* PBXTargetDependency */ = {
			isa = PBXTargetDependency;
			target = 848DB058210A487C00D10A53 /* tfl-app */;
			targetProxy = 848DB06E210A487D00D10A53 /* PBXContainerItemProxy */;
		};
		84BD79F5210AF2CF00BC8D1E /* PBXTargetDependency */ = {
			isa = PBXTargetDependency;
			target = 848DB058210A487C00D10A53 /* tfl-app */;
			targetProxy = 84BD79F4210AF2CF00BC8D1E /* PBXContainerItemProxy */;
		};
/* End PBXTargetDependency section */

/* Begin PBXVariantGroup section */
		848DB060210A487C00D10A53 /* Main.storyboard */ = {
			isa = PBXVariantGroup;
			children = (
				848DB061210A487C00D10A53 /* Base */,
			);
			name = Main.storyboard;
			sourceTree = "<group>";
		};
		848DB065210A487D00D10A53 /* LaunchScreen.storyboard */ = {
			isa = PBXVariantGroup;
			children = (
				848DB066210A487D00D10A53 /* Base */,
			);
			name = LaunchScreen.storyboard;
			sourceTree = "<group>";
		};
/* End PBXVariantGroup section */

/* Begin XCBuildConfiguration section */
		848DB07F210A487D00D10A53 /* Debug */ = {
			isa = XCBuildConfiguration;
			buildSettings = {
				ALWAYS_SEARCH_USER_PATHS = NO;
				CLANG_ANALYZER_NONNULL = YES;
				CLANG_ANALYZER_NUMBER_OBJECT_CONVERSION = YES_AGGRESSIVE;
				CLANG_CXX_LANGUAGE_STANDARD = "gnu++14";
				CLANG_CXX_LIBRARY = "libc++";
				CLANG_ENABLE_MODULES = YES;
				CLANG_ENABLE_OBJC_ARC = YES;
				CLANG_ENABLE_OBJC_WEAK = YES;
				CLANG_WARN_BLOCK_CAPTURE_AUTORELEASING = YES;
				CLANG_WARN_BOOL_CONVERSION = YES;
				CLANG_WARN_COMMA = YES;
				CLANG_WARN_CONSTANT_CONVERSION = YES;
				CLANG_WARN_DEPRECATED_OBJC_IMPLEMENTATIONS = YES;
				CLANG_WARN_DIRECT_OBJC_ISA_USAGE = YES_ERROR;
				CLANG_WARN_DOCUMENTATION_COMMENTS = YES;
				CLANG_WARN_EMPTY_BODY = YES;
				CLANG_WARN_ENUM_CONVERSION = YES;
				CLANG_WARN_INFINITE_RECURSION = YES;
				CLANG_WARN_INT_CONVERSION = YES;
				CLANG_WARN_NON_LITERAL_NULL_CONVERSION = YES;
				CLANG_WARN_OBJC_IMPLICIT_RETAIN_SELF = YES;
				CLANG_WARN_OBJC_LITERAL_CONVERSION = YES;
				CLANG_WARN_OBJC_ROOT_CLASS = YES_ERROR;
				CLANG_WARN_RANGE_LOOP_ANALYSIS = YES;
				CLANG_WARN_STRICT_PROTOTYPES = YES;
				CLANG_WARN_SUSPICIOUS_MOVE = YES;
				CLANG_WARN_UNGUARDED_AVAILABILITY = YES_AGGRESSIVE;
				CLANG_WARN_UNREACHABLE_CODE = YES;
				CLANG_WARN__DUPLICATE_METHOD_MATCH = YES;
				CODE_SIGN_IDENTITY = "iPhone Developer";
				COPY_PHASE_STRIP = NO;
				DEBUG_INFORMATION_FORMAT = dwarf;
				ENABLE_STRICT_OBJC_MSGSEND = YES;
				ENABLE_TESTABILITY = YES;
				GCC_C_LANGUAGE_STANDARD = gnu11;
				GCC_DYNAMIC_NO_PIC = NO;
				GCC_NO_COMMON_BLOCKS = YES;
				GCC_OPTIMIZATION_LEVEL = 0;
				GCC_PREPROCESSOR_DEFINITIONS = (
					"DEBUG=1",
					"$(inherited)",
				);
				GCC_WARN_64_TO_32_BIT_CONVERSION = YES;
				GCC_WARN_ABOUT_RETURN_TYPE = YES_ERROR;
				GCC_WARN_UNDECLARED_SELECTOR = YES;
				GCC_WARN_UNINITIALIZED_AUTOS = YES_AGGRESSIVE;
				GCC_WARN_UNUSED_FUNCTION = YES;
				GCC_WARN_UNUSED_VARIABLE = YES;
				IPHONEOS_DEPLOYMENT_TARGET = 11.3;
				MTL_ENABLE_DEBUG_INFO = YES;
				ONLY_ACTIVE_ARCH = YES;
				SDKROOT = iphoneos;
				SWIFT_ACTIVE_COMPILATION_CONDITIONS = DEBUG;
				SWIFT_OPTIMIZATION_LEVEL = "-Onone";
			};
			name = Debug;
		};
		848DB080210A487D00D10A53 /* Release */ = {
			isa = XCBuildConfiguration;
			buildSettings = {
				ALWAYS_SEARCH_USER_PATHS = NO;
				CLANG_ANALYZER_NONNULL = YES;
				CLANG_ANALYZER_NUMBER_OBJECT_CONVERSION = YES_AGGRESSIVE;
				CLANG_CXX_LANGUAGE_STANDARD = "gnu++14";
				CLANG_CXX_LIBRARY = "libc++";
				CLANG_ENABLE_MODULES = YES;
				CLANG_ENABLE_OBJC_ARC = YES;
				CLANG_ENABLE_OBJC_WEAK = YES;
				CLANG_WARN_BLOCK_CAPTURE_AUTORELEASING = YES;
				CLANG_WARN_BOOL_CONVERSION = YES;
				CLANG_WARN_COMMA = YES;
				CLANG_WARN_CONSTANT_CONVERSION = YES;
				CLANG_WARN_DEPRECATED_OBJC_IMPLEMENTATIONS = YES;
				CLANG_WARN_DIRECT_OBJC_ISA_USAGE = YES_ERROR;
				CLANG_WARN_DOCUMENTATION_COMMENTS = YES;
				CLANG_WARN_EMPTY_BODY = YES;
				CLANG_WARN_ENUM_CONVERSION = YES;
				CLANG_WARN_INFINITE_RECURSION = YES;
				CLANG_WARN_INT_CONVERSION = YES;
				CLANG_WARN_NON_LITERAL_NULL_CONVERSION = YES;
				CLANG_WARN_OBJC_IMPLICIT_RETAIN_SELF = YES;
				CLANG_WARN_OBJC_LITERAL_CONVERSION = YES;
				CLANG_WARN_OBJC_ROOT_CLASS = YES_ERROR;
				CLANG_WARN_RANGE_LOOP_ANALYSIS = YES;
				CLANG_WARN_STRICT_PROTOTYPES = YES;
				CLANG_WARN_SUSPICIOUS_MOVE = YES;
				CLANG_WARN_UNGUARDED_AVAILABILITY = YES_AGGRESSIVE;
				CLANG_WARN_UNREACHABLE_CODE = YES;
				CLANG_WARN__DUPLICATE_METHOD_MATCH = YES;
				CODE_SIGN_IDENTITY = "iPhone Developer";
				COPY_PHASE_STRIP = NO;
				DEBUG_INFORMATION_FORMAT = "dwarf-with-dsym";
				ENABLE_NS_ASSERTIONS = NO;
				ENABLE_STRICT_OBJC_MSGSEND = YES;
				GCC_C_LANGUAGE_STANDARD = gnu11;
				GCC_NO_COMMON_BLOCKS = YES;
				GCC_WARN_64_TO_32_BIT_CONVERSION = YES;
				GCC_WARN_ABOUT_RETURN_TYPE = YES_ERROR;
				GCC_WARN_UNDECLARED_SELECTOR = YES;
				GCC_WARN_UNINITIALIZED_AUTOS = YES_AGGRESSIVE;
				GCC_WARN_UNUSED_FUNCTION = YES;
				GCC_WARN_UNUSED_VARIABLE = YES;
				IPHONEOS_DEPLOYMENT_TARGET = 11.3;
				MTL_ENABLE_DEBUG_INFO = NO;
				SDKROOT = iphoneos;
				SWIFT_COMPILATION_MODE = wholemodule;
				SWIFT_OPTIMIZATION_LEVEL = "-O";
				VALIDATE_PRODUCT = YES;
			};
			name = Release;
		};
		848DB082210A487D00D10A53 /* Debug */ = {
			isa = XCBuildConfiguration;
			buildSettings = {
				ASSETCATALOG_COMPILER_APPICON_NAME = AppIcon;
				CODE_SIGN_STYLE = Automatic;
				DEVELOPMENT_TEAM = 432M5K2J3X;
				INFOPLIST_FILE = "$(SRCROOT)/tfl-app/Supporting Files/Info.plist";
				LD_RUNPATH_SEARCH_PATHS = (
					"$(inherited)",
					"@executable_path/Frameworks",
				);
				PRODUCT_BUNDLE_IDENTIFIER = "com.julesjans.tfl-app";
				PRODUCT_NAME = "$(TARGET_NAME)";
				SWIFT_VERSION = 4.0;
				TARGETED_DEVICE_FAMILY = "1,2";
			};
			name = Debug;
		};
		848DB083210A487D00D10A53 /* Release */ = {
			isa = XCBuildConfiguration;
			buildSettings = {
				ASSETCATALOG_COMPILER_APPICON_NAME = AppIcon;
				CODE_SIGN_STYLE = Automatic;
				DEVELOPMENT_TEAM = 432M5K2J3X;
				INFOPLIST_FILE = "$(SRCROOT)/tfl-app/Supporting Files/Info.plist";
				LD_RUNPATH_SEARCH_PATHS = (
					"$(inherited)",
					"@executable_path/Frameworks",
				);
				PRODUCT_BUNDLE_IDENTIFIER = "com.julesjans.tfl-app";
				PRODUCT_NAME = "$(TARGET_NAME)";
				SWIFT_VERSION = 4.0;
				TARGETED_DEVICE_FAMILY = "1,2";
			};
			name = Release;
		};
		848DB085210A487D00D10A53 /* Debug */ = {
			isa = XCBuildConfiguration;
			buildSettings = {
				ALWAYS_EMBED_SWIFT_STANDARD_LIBRARIES = YES;
				BUNDLE_LOADER = "$(TEST_HOST)";
				CODE_SIGN_STYLE = Automatic;
				DEVELOPMENT_TEAM = 432M5K2J3X;
				INFOPLIST_FILE = "tfl-appTests/Info.plist";
				LD_RUNPATH_SEARCH_PATHS = (
					"$(inherited)",
					"@executable_path/Frameworks",
					"@loader_path/Frameworks",
				);
				PRODUCT_BUNDLE_IDENTIFIER = "com.julesjans.tfl-appTests";
				PRODUCT_NAME = "$(TARGET_NAME)";
				SWIFT_VERSION = 4.0;
				TARGETED_DEVICE_FAMILY = "1,2";
				TEST_HOST = "$(BUILT_PRODUCTS_DIR)/tfl-app.app/tfl-app";
			};
			name = Debug;
		};
		848DB086210A487D00D10A53 /* Release */ = {
			isa = XCBuildConfiguration;
			buildSettings = {
				ALWAYS_EMBED_SWIFT_STANDARD_LIBRARIES = YES;
				BUNDLE_LOADER = "$(TEST_HOST)";
				CODE_SIGN_STYLE = Automatic;
				DEVELOPMENT_TEAM = 432M5K2J3X;
				INFOPLIST_FILE = "tfl-appTests/Info.plist";
				LD_RUNPATH_SEARCH_PATHS = (
					"$(inherited)",
					"@executable_path/Frameworks",
					"@loader_path/Frameworks",
				);
				PRODUCT_BUNDLE_IDENTIFIER = "com.julesjans.tfl-appTests";
				PRODUCT_NAME = "$(TARGET_NAME)";
				SWIFT_VERSION = 4.0;
				TARGETED_DEVICE_FAMILY = "1,2";
				TEST_HOST = "$(BUILT_PRODUCTS_DIR)/tfl-app.app/tfl-app";
			};
			name = Release;
		};
		84BD79F7210AF2CF00BC8D1E /* Debug */ = {
			isa = XCBuildConfiguration;
			buildSettings = {
				CODE_SIGN_STYLE = Automatic;
				DEVELOPMENT_TEAM = 432M5K2J3X;
				INFOPLIST_FILE = "tfl-appUITests/Info.plist";
				LD_RUNPATH_SEARCH_PATHS = (
					"$(inherited)",
					"@executable_path/Frameworks",
					"@loader_path/Frameworks",
				);
				PRODUCT_BUNDLE_IDENTIFIER = "com.julesjans.tfl-appUITests";
				PRODUCT_NAME = "$(TARGET_NAME)";
				SWIFT_VERSION = 4.0;
				TARGETED_DEVICE_FAMILY = "1,2";
				TEST_TARGET_NAME = "tfl-app";
			};
			name = Debug;
		};
		84BD79F8210AF2CF00BC8D1E /* Release */ = {
			isa = XCBuildConfiguration;
			buildSettings = {
				CODE_SIGN_STYLE = Automatic;
				DEVELOPMENT_TEAM = 432M5K2J3X;
				INFOPLIST_FILE = "tfl-appUITests/Info.plist";
				LD_RUNPATH_SEARCH_PATHS = (
					"$(inherited)",
					"@executable_path/Frameworks",
					"@loader_path/Frameworks",
				);
				PRODUCT_BUNDLE_IDENTIFIER = "com.julesjans.tfl-appUITests";
				PRODUCT_NAME = "$(TARGET_NAME)";
				SWIFT_VERSION = 4.0;
				TARGETED_DEVICE_FAMILY = "1,2";
				TEST_TARGET_NAME = "tfl-app";
			};
			name = Release;
		};
/* End XCBuildConfiguration section */

/* Begin XCConfigurationList section */
		848DB054210A487C00D10A53 /* Build configuration list for PBXProject "tfl-app" */ = {
			isa = XCConfigurationList;
			buildConfigurations = (
				848DB07F210A487D00D10A53 /* Debug */,
				848DB080210A487D00D10A53 /* Release */,
			);
			defaultConfigurationIsVisible = 0;
			defaultConfigurationName = Release;
		};
		848DB081210A487D00D10A53 /* Build configuration list for PBXNativeTarget "tfl-app" */ = {
			isa = XCConfigurationList;
			buildConfigurations = (
				848DB082210A487D00D10A53 /* Debug */,
				848DB083210A487D00D10A53 /* Release */,
			);
			defaultConfigurationIsVisible = 0;
			defaultConfigurationName = Release;
		};
		848DB084210A487D00D10A53 /* Build configuration list for PBXNativeTarget "tfl-appTests" */ = {
			isa = XCConfigurationList;
			buildConfigurations = (
				848DB085210A487D00D10A53 /* Debug */,
				848DB086210A487D00D10A53 /* Release */,
			);
			defaultConfigurationIsVisible = 0;
			defaultConfigurationName = Release;
		};
		84BD79F6210AF2CF00BC8D1E /* Build configuration list for PBXNativeTarget "tfl-appUITests" */ = {
			isa = XCConfigurationList;
			buildConfigurations = (
				84BD79F7210AF2CF00BC8D1E /* Debug */,
				84BD79F8210AF2CF00BC8D1E /* Release */,
			);
			defaultConfigurationIsVisible = 0;
			defaultConfigurationName = Release;
		};
/* End XCConfigurationList section */
	};
	rootObject = 848DB051210A487C00D10A53 /* Project object */;
}
